
Microsoft Visual Studio Solution File, Format Version 12.00
# Visual Studio 15
Project("{FAE04EC0-301F-11D3-BF4B-00C04F79EFBC}") = "TicTacToe.Android", "TicTacToe.Android\TicTacToe.Android.csproj", "{CFCD39F3-0EE6-49FD-BD4C-9055621CC6B5}"
EndProject
Project("{FAE04EC0-301F-11D3-BF4B-00C04F79EFBC}") = "TicTacToe.iOS", "TicTacToe.iOS\TicTacToe.iOS.csproj", "{83B29C7D-11B8-49D5-B2DD-703D2B1434C2}"
EndProject
Project("{FAE04EC0-301F-11D3-BF4B-00C04F79EFBC}") = "TicTacToe", "TicTacToe\TicTacToe.csproj", "{24596E4E-C1FB-4680-878B-7A2F5D5BDCE4}"
EndProject
Global
	GlobalSection(SolutionConfigurationPlatforms) = preSolution
		Debug|Any CPU = Debug|Any CPU
		Release|Any CPU = Release|Any CPU
		Debug|iPhoneSimulator = Debug|iPhoneSimulator
		Release|iPhoneSimulator = Release|iPhoneSimulator
		Debug|iPhone = Debug|iPhone
		Release|iPhone = Release|iPhone
		Ad-Hoc|iPhone = Ad-Hoc|iPhone
		AppStore|iPhone = AppStore|iPhone
	EndGlobalSection
	GlobalSection(ProjectConfigurationPlatforms) = postSolution
		{CFCD39F3-0EE6-49FD-BD4C-9055621CC6B5}.Debug|Any CPU.ActiveCfg = Debug|Any CPU
		{CFCD39F3-0EE6-49FD-BD4C-9055621CC6B5}.Debug|Any CPU.Build.0 = Debug|Any CPU
		{CFCD39F3-0EE6-49FD-BD4C-9055621CC6B5}.Release|Any CPU.ActiveCfg = Release|Any CPU
		{CFCD39F3-0EE6-49FD-BD4C-9055621CC6B5}.Release|Any CPU.Build.0 = Release|Any CPU
		{CFCD39F3-0EE6-49FD-BD4C-9055621CC6B5}.Debug|iPhoneSimulator.ActiveCfg = Debug|Any CPU
		{CFCD39F3-0EE6-49FD-BD4C-9055621CC6B5}.Debug|iPhoneSimulator.Build.0 = Debug|Any CPU
		{CFCD39F3-0EE6-49FD-BD4C-9055621CC6B5}.Release|iPhoneSimulator.ActiveCfg = Release|Any CPU
		{CFCD39F3-0EE6-49FD-BD4C-9055621CC6B5}.Release|iPhoneSimulator.Build.0 = Release|Any CPU
		{CFCD39F3-0EE6-49FD-BD4C-9055621CC6B5}.Debug|iPhone.ActiveCfg = Debug|Any CPU
		{CFCD39F3-0EE6-49FD-BD4C-9055621CC6B5}.Debug|iPhone.Build.0 = Debug|Any CPU
		{CFCD39F3-0EE6-49FD-BD4C-9055621CC6B5}.Release|iPhone.ActiveCfg = Release|Any CPU
		{CFCD39F3-0EE6-49FD-BD4C-9055621CC6B5}.Release|iPhone.Build.0 = Release|Any CPU
		{CFCD39F3-0EE6-49FD-BD4C-9055621CC6B5}.Ad-Hoc|iPhone.ActiveCfg = Debug|Any CPU
		{CFCD39F3-0EE6-49FD-BD4C-9055621CC6B5}.Ad-Hoc|iPhone.Build.0 = Debug|Any CPU
		{CFCD39F3-0EE6-49FD-BD4C-9055621CC6B5}.AppStore|iPhone.ActiveCfg = Debug|Any CPU
		{CFCD39F3-0EE6-49FD-BD4C-9055621CC6B5}.AppStore|iPhone.Build.0 = Debug|Any CPU
		{83B29C7D-11B8-49D5-B2DD-703D2B1434C2}.Debug|Any CPU.ActiveCfg = Debug|iPhoneSimulator
		{83B29C7D-11B8-49D5-B2DD-703D2B1434C2}.Debug|Any CPU.Build.0 = Debug|iPhoneSimulator
		{83B29C7D-11B8-49D5-B2DD-703D2B1434C2}.Release|Any CPU.ActiveCfg = Release|iPhoneSimulator
		{83B29C7D-11B8-49D5-B2DD-703D2B1434C2}.Release|Any CPU.Build.0 = Release|iPhoneSimulator
		{83B29C7D-11B8-49D5-B2DD-703D2B1434C2}.Debug|iPhoneSimulator.ActiveCfg = Debug|iPhoneSimulator
		{83B29C7D-11B8-49D5-B2DD-703D2B1434C2}.Debug|iPhoneSimulator.Build.0 = Debug|iPhoneSimulator
		{83B29C7D-11B8-49D5-B2DD-703D2B1434C2}.Release|iPhoneSimulator.ActiveCfg = Release|iPhoneSimulator
		{83B29C7D-11B8-49D5-B2DD-703D2B1434C2}.Release|iPhoneSimulator.Build.0 = Release|iPhoneSimulator
		{83B29C7D-11B8-49D5-B2DD-703D2B1434C2}.Debug|iPhone.ActiveCfg = Debug|iPhone
		{83B29C7D-11B8-49D5-B2DD-703D2B1434C2}.Debug|iPhone.Build.0 = Debug|iPhone
		{83B29C7D-11B8-49D5-B2DD-703D2B1434C2}.Release|iPhone.ActiveCfg = Release|iPhone
		{83B29C7D-11B8-49D5-B2DD-703D2B1434C2}.Release|iPhone.Build.0 = Release|iPhone
		{83B29C7D-11B8-49D5-B2DD-703D2B1434C2}.Ad-Hoc|iPhone.ActiveCfg = Ad-Hoc|iPhone
		{83B29C7D-11B8-49D5-B2DD-703D2B1434C2}.Ad-Hoc|iPhone.Build.0 = Ad-Hoc|iPhone
		{83B29C7D-11B8-49D5-B2DD-703D2B1434C2}.AppStore|iPhone.ActiveCfg = AppStore|iPhone
		{83B29C7D-11B8-49D5-B2DD-703D2B1434C2}.AppStore|iPhone.Build.0 = AppStore|iPhone
		{24596E4E-C1FB-4680-878B-7A2F5D5BDCE4}.Debug|Any CPU.ActiveCfg = Debug|Any CPU
		{24596E4E-C1FB-4680-878B-7A2F5D5BDCE4}.Debug|Any CPU.Build.0 = Debug|Any CPU
		{24596E4E-C1FB-4680-878B-7A2F5D5BDCE4}.Release|Any CPU.ActiveCfg = Release|Any CPU
		{24596E4E-C1FB-4680-878B-7A2F5D5BDCE4}.Release|Any CPU.Build.0 = Release|Any CPU
		{24596E4E-C1FB-4680-878B-7A2F5D5BDCE4}.Debug|iPhoneSimulator.ActiveCfg = Debug|Any CPU
		{24596E4E-C1FB-4680-878B-7A2F5D5BDCE4}.Debug|iPhoneSimulator.Build.0 = Debug|Any CPU
		{24596E4E-C1FB-4680-878B-7A2F5D5BDCE4}.Release|iPhoneSimulator.ActiveCfg = Release|Any CPU
		{24596E4E-C1FB-4680-878B-7A2F5D5BDCE4}.Release|iPhoneSimulator.Build.0 = Release|Any CPU
		{24596E4E-C1FB-4680-878B-7A2F5D5BDCE4}.Debug|iPhone.ActiveCfg = Debug|Any CPU
		{24596E4E-C1FB-4680-878B-7A2F5D5BDCE4}.Debug|iPhone.Build.0 = Debug|Any CPU
		{24596E4E-C1FB-4680-878B-7A2F5D5BDCE4}.Release|iPhone.ActiveCfg = Release|Any CPU
		{24596E4E-C1FB-4680-878B-7A2F5D5BDCE4}.Release|iPhone.Build.0 = Release|Any CPU
		{24596E4E-C1FB-4680-878B-7A2F5D5BDCE4}.Ad-Hoc|iPhone.ActiveCfg = Debug|Any CPU
		{24596E4E-C1FB-4680-878B-7A2F5D5BDCE4}.Ad-Hoc|iPhone.Build.0 = Debug|Any CPU
		{24596E4E-C1FB-4680-878B-7A2F5D5BDCE4}.AppStore|iPhone.ActiveCfg = Debug|Any CPU
		{24596E4E-C1FB-4680-878B-7A2F5D5BDCE4}.AppStore|iPhone.Build.0 = Debug|Any CPU
	EndGlobalSection
EndGlobal
